
Microsoft Visual Studio Solution File, Format Version 12.00
Project("{FAE04EC0-301F-11D3-BF4B-00C04F79EFBC}") = "SolutionTwo.Api", "SolutionTwo.Api\SolutionTwo.Api.csproj", "{BDB1F911-B9C3-4159-B3C0-54F98F334C0D}"
EndProject
Project("{FAE04EC0-301F-11D3-BF4B-00C04F79EFBC}") = "SolutionTwo.Business.Core", "SolutionTwo.Business.Core\SolutionTwo.Business.Core.csproj", "{EFC0C386-B84F-48F1-B28F-533766CD317D}"
EndProject
Project("{FAE04EC0-301F-11D3-BF4B-00C04F79EFBC}") = "SolutionTwo.Data.MainDatabase", "SolutionTwo.Data.MainDatabase\SolutionTwo.Data.MainDatabase.csproj", "{0D475A0D-A5AF-4160-96EA-8230B031F36A}"
EndProject
Project("{FAE04EC0-301F-11D3-BF4B-00C04F79EFBC}") = "SolutionTwo.Business.Identity", "SolutionTwo.Business.Identity\SolutionTwo.Business.Identity.csproj", "{15191604-B935-4E71-BEAB-C05AE82177B8}"
EndProject
Project("{2150E333-8FDC-42A3-9474-1A3956D46DE8}") = "Tests", "Tests", "{C3814B18-592C-448A-A732-4BD75B581390}"
EndProject
Project("{2150E333-8FDC-42A3-9474-1A3956D46DE8}") = "Unit", "Unit", "{2E4C39F0-142B-461A-9FB0-42A3800F9BAE}"
EndProject
Project("{FAE04EC0-301F-11D3-BF4B-00C04F79EFBC}") = "SolutionTwo.Business.Identity.Tests", "Tests\Unit\SolutionTwo.Business.Identity.Tests\SolutionTwo.Business.Identity.Tests.csproj", "{383E32B2-434F-4424-908B-70FEA197303A}"
EndProject
Project("{FAE04EC0-301F-11D3-BF4B-00C04F79EFBC}") = "SolutionTwo.Business.Common", "SolutionTwo.Business.Common\SolutionTwo.Business.Common.csproj", "{CD9828DC-62EC-4E91-B173-57685846B7E5}"
EndProject
Project("{FAE04EC0-301F-11D3-BF4B-00C04F79EFBC}") = "SolutionTwo.Data.Common", "SolutionTwo.Data.Common\SolutionTwo.Data.Common.csproj", "{D0C92FD4-DA14-44A8-880A-E053A26E26EC}"
EndProject
Project("{FAE04EC0-301F-11D3-BF4B-00C04F79EFBC}") = "SolutionTwo.Data.Common.InMemory", "Tests\Unit\SolutionTwo.Data.Common.InMemory\SolutionTwo.Data.Common.InMemory.csproj", "{A0E8CC04-E549-44F3-AD97-F1F042AA299F}"
EndProject
Project("{FAE04EC0-301F-11D3-BF4B-00C04F79EFBC}") = "SolutionTwo.Data.MainDatabase.InMemory", "Tests\Unit\SolutionTwo.Data.MainDatabase.InMemory\SolutionTwo.Data.MainDatabase.InMemory.csproj", "{6E7AA595-14E6-4E9A-BEDA-C6EE345EA1CA}"
EndProject
Global
	GlobalSection(SolutionConfigurationPlatforms) = preSolution
		Debug|Any CPU = Debug|Any CPU
		Release|Any CPU = Release|Any CPU
	EndGlobalSection
	GlobalSection(ProjectConfigurationPlatforms) = postSolution
		{BDB1F911-B9C3-4159-B3C0-54F98F334C0D}.Debug|Any CPU.ActiveCfg = Debug|Any CPU
		{BDB1F911-B9C3-4159-B3C0-54F98F334C0D}.Debug|Any CPU.Build.0 = Debug|Any CPU
		{BDB1F911-B9C3-4159-B3C0-54F98F334C0D}.Release|Any CPU.ActiveCfg = Release|Any CPU
		{BDB1F911-B9C3-4159-B3C0-54F98F334C0D}.Release|Any CPU.Build.0 = Release|Any CPU
		{EFC0C386-B84F-48F1-B28F-533766CD317D}.Debug|Any CPU.ActiveCfg = Debug|Any CPU
		{EFC0C386-B84F-48F1-B28F-533766CD317D}.Debug|Any CPU.Build.0 = Debug|Any CPU
		{EFC0C386-B84F-48F1-B28F-533766CD317D}.Release|Any CPU.ActiveCfg = Release|Any CPU
		{EFC0C386-B84F-48F1-B28F-533766CD317D}.Release|Any CPU.Build.0 = Release|Any CPU
		{0D475A0D-A5AF-4160-96EA-8230B031F36A}.Debug|Any CPU.ActiveCfg = Debug|Any CPU
		{0D475A0D-A5AF-4160-96EA-8230B031F36A}.Debug|Any CPU.Build.0 = Debug|Any CPU
		{0D475A0D-A5AF-4160-96EA-8230B031F36A}.Release|Any CPU.ActiveCfg = Release|Any CPU
		{0D475A0D-A5AF-4160-96EA-8230B031F36A}.Release|Any CPU.Build.0 = Release|Any CPU
		{15191604-B935-4E71-BEAB-C05AE82177B8}.Debug|Any CPU.ActiveCfg = Debug|Any CPU
		{15191604-B935-4E71-BEAB-C05AE82177B8}.Debug|Any CPU.Build.0 = Debug|Any CPU
		{15191604-B935-4E71-BEAB-C05AE82177B8}.Release|Any CPU.ActiveCfg = Release|Any CPU
		{15191604-B935-4E71-BEAB-C05AE82177B8}.Release|Any CPU.Build.0 = Release|Any CPU
		{383E32B2-434F-4424-908B-70FEA197303A}.Debug|Any CPU.ActiveCfg = Debug|Any CPU
		{383E32B2-434F-4424-908B-70FEA197303A}.Debug|Any CPU.Build.0 = Debug|Any CPU
		{383E32B2-434F-4424-908B-70FEA197303A}.Release|Any CPU.ActiveCfg = Release|Any CPU
		{383E32B2-434F-4424-908B-70FEA197303A}.Release|Any CPU.Build.0 = Release|Any CPU
		{CD9828DC-62EC-4E91-B173-57685846B7E5}.Debug|Any CPU.ActiveCfg = Debug|Any CPU
		{CD9828DC-62EC-4E91-B173-57685846B7E5}.Debug|Any CPU.Build.0 = Debug|Any CPU
		{CD9828DC-62EC-4E91-B173-57685846B7E5}.Release|Any CPU.ActiveCfg = Release|Any CPU
		{CD9828DC-62EC-4E91-B173-57685846B7E5}.Release|Any CPU.Build.0 = Release|Any CPU
		{D0C92FD4-DA14-44A8-880A-E053A26E26EC}.Debug|Any CPU.ActiveCfg = Debug|Any CPU
		{D0C92FD4-DA14-44A8-880A-E053A26E26EC}.Debug|Any CPU.Build.0 = Debug|Any CPU
		{D0C92FD4-DA14-44A8-880A-E053A26E26EC}.Release|Any CPU.ActiveCfg = Release|Any CPU
		{D0C92FD4-DA14-44A8-880A-E053A26E26EC}.Release|Any CPU.Build.0 = Release|Any CPU
		{A0E8CC04-E549-44F3-AD97-F1F042AA299F}.Debug|Any CPU.ActiveCfg = Debug|Any CPU
		{A0E8CC04-E549-44F3-AD97-F1F042AA299F}.Debug|Any CPU.Build.0 = Debug|Any CPU
		{A0E8CC04-E549-44F3-AD97-F1F042AA299F}.Release|Any CPU.ActiveCfg = Release|Any CPU
		{A0E8CC04-E549-44F3-AD97-F1F042AA299F}.Release|Any CPU.Build.0 = Release|Any CPU
		{6E7AA595-14E6-4E9A-BEDA-C6EE345EA1CA}.Debug|Any CPU.ActiveCfg = Debug|Any CPU
		{6E7AA595-14E6-4E9A-BEDA-C6EE345EA1CA}.Debug|Any CPU.Build.0 = Debug|Any CPU
		{6E7AA595-14E6-4E9A-BEDA-C6EE345EA1CA}.Release|Any CPU.ActiveCfg = Release|Any CPU
		{6E7AA595-14E6-4E9A-BEDA-C6EE345EA1CA}.Release|Any CPU.Build.0 = Release|Any CPU
	EndGlobalSection
	GlobalSection(NestedProjects) = preSolution
		{2E4C39F0-142B-461A-9FB0-42A3800F9BAE} = {C3814B18-592C-448A-A732-4BD75B581390}
		{383E32B2-434F-4424-908B-70FEA197303A} = {2E4C39F0-142B-461A-9FB0-42A3800F9BAE}
		{A0E8CC04-E549-44F3-AD97-F1F042AA299F} = {2E4C39F0-142B-461A-9FB0-42A3800F9BAE}
		{6E7AA595-14E6-4E9A-BEDA-C6EE345EA1CA} = {2E4C39F0-142B-461A-9FB0-42A3800F9BAE}
	EndGlobalSection
EndGlobal
